
Microsoft Visual Studio Solution File, Format Version 12.00
# Visual Studio 2013
VisualStudioVersion = 12.0.31101.0
MinimumVisualStudioVersion = 10.0.40219.1
Project("{FAE04EC0-301F-11D3-BF4B-00C04F79EFBC}") = "DataTableMapper", "DataTableMapper\DataTableMapper.csproj", "{6FAC2AB7-587B-4EAA-84A1-1062005E4259}"
EndProject
Project("{FAE04EC0-301F-11D3-BF4B-00C04F79EFBC}") = "DataTableMapper.Tests", "DataTableMapper.Tests\DataTableMapper.Tests.csproj", "{7A6B93A6-A541-4049-B731-EE1E22DB72FE}"
EndProject
Global
	GlobalSection(SolutionConfigurationPlatforms) = preSolution
		Debug|Any CPU = Debug|Any CPU
		Release|Any CPU = Release|Any CPU
	EndGlobalSection
	GlobalSection(ProjectConfigurationPlatforms) = postSolution
		{6FAC2AB7-587B-4EAA-84A1-1062005E4259}.Debug|Any CPU.ActiveCfg = Debug|Any CPU
		{6FAC2AB7-587B-4EAA-84A1-1062005E4259}.Debug|Any CPU.Build.0 = Debug|Any CPU
		{6FAC2AB7-587B-4EAA-84A1-1062005E4259}.Release|Any CPU.ActiveCfg = Release|Any CPU
		{6FAC2AB7-587B-4EAA-84A1-1062005E4259}.Release|Any CPU.Build.0 = Release|Any CPU
		{7A6B93A6-A541-4049-B731-EE1E22DB72FE}.Debug|Any CPU.ActiveCfg = Debug|Any CPU
		{7A6B93A6-A541-4049-B731-EE1E22DB72FE}.Debug|Any CPU.Build.0 = Debug|Any CPU
		{7A6B93A6-A541-4049-B731-EE1E22DB72FE}.Release|Any CPU.ActiveCfg = Release|Any CPU
		{7A6B93A6-A541-4049-B731-EE1E22DB72FE}.Release|Any CPU.Build.0 = Release|Any CPU
	EndGlobalSection
	GlobalSection(SolutionProperties) = preSolution
		HideSolutionNode = FALSE
	EndGlobalSection
EndGlobal
